
Microsoft Visual Studio Solution File, Format Version 12.00
# Visual Studio 14
VisualStudioVersion = 14.0.25420.1
MinimumVisualStudioVersion = 10.0.40219.1
Project("{FAE04EC0-301F-11D3-BF4B-00C04F79EFBC}") = "tut_App", "tut_App\tut_App\tut_App.csproj", "{18099567-6063-4B75-9ED3-79BC4F636C44}"
EndProject
Project("{FAE04EC0-301F-11D3-BF4B-00C04F79EFBC}") = "tut_App.Droid", "tut_App\tut_App.Droid\tut_App.Droid.csproj", "{BD318F66-92EC-4B9D-9FCD-9ED3F39C35DF}"
EndProject
Project("{FAE04EC0-301F-11D3-BF4B-00C04F79EFBC}") = "tut_App.iOS", "tut_App\tut_App.iOS\tut_App.iOS.csproj", "{687650B6-41DA-4C8C-A2B1-1CA10BF96717}"
EndProject
Project("{FAE04EC0-301F-11D3-BF4B-00C04F79EFBC}") = "tut_App.WinPhone", "tut_App\tut_App.WinPhone\tut_App.WinPhone.csproj", "{C0937333-C4C2-4AEC-838D-D7071DFDA6A1}"
EndProject
Project("{FAE04EC0-301F-11D3-BF4B-00C04F79EFBC}") = "tut_App.UWP", "tut_App\tut_App.UWP\tut_App.UWP.csproj", "{909D7528-4AC1-41CF-9FF4-3BE08C0556BF}"
EndProject
Project("{FAE04EC0-301F-11D3-BF4B-00C04F79EFBC}") = "tut_App.Windows", "tut_App\tut_App.Windows\tut_App.Windows.csproj", "{427E1741-8FED-430D-88B1-D2FF1682EB16}"
EndProject
Global
	GlobalSection(SolutionConfigurationPlatforms) = preSolution
		Ad-Hoc|Any CPU = Ad-Hoc|Any CPU
		Ad-Hoc|ARM = Ad-Hoc|ARM
		Ad-Hoc|iPhone = Ad-Hoc|iPhone
		Ad-Hoc|iPhoneSimulator = Ad-Hoc|iPhoneSimulator
		Ad-Hoc|x64 = Ad-Hoc|x64
		Ad-Hoc|x86 = Ad-Hoc|x86
		AppStore|Any CPU = AppStore|Any CPU
		AppStore|ARM = AppStore|ARM
		AppStore|iPhone = AppStore|iPhone
		AppStore|iPhoneSimulator = AppStore|iPhoneSimulator
		AppStore|x64 = AppStore|x64
		AppStore|x86 = AppStore|x86
		Debug|Any CPU = Debug|Any CPU
		Debug|ARM = Debug|ARM
		Debug|iPhone = Debug|iPhone
		Debug|iPhoneSimulator = Debug|iPhoneSimulator
		Debug|x64 = Debug|x64
		Debug|x86 = Debug|x86
		Release|Any CPU = Release|Any CPU
		Release|ARM = Release|ARM
		Release|iPhone = Release|iPhone
		Release|iPhoneSimulator = Release|iPhoneSimulator
		Release|x64 = Release|x64
		Release|x86 = Release|x86
	EndGlobalSection
	GlobalSection(ProjectConfigurationPlatforms) = postSolution
		{18099567-6063-4B75-9ED3-79BC4F636C44}.Ad-Hoc|Any CPU.ActiveCfg = Release|Any CPU
		{18099567-6063-4B75-9ED3-79BC4F636C44}.Ad-Hoc|Any CPU.Build.0 = Release|Any CPU
		{18099567-6063-4B75-9ED3-79BC4F636C44}.Ad-Hoc|ARM.ActiveCfg = Release|Any CPU
		{18099567-6063-4B75-9ED3-79BC4F636C44}.Ad-Hoc|ARM.Build.0 = Release|Any CPU
		{18099567-6063-4B75-9ED3-79BC4F636C44}.Ad-Hoc|iPhone.ActiveCfg = Release|Any CPU
		{18099567-6063-4B75-9ED3-79BC4F636C44}.Ad-Hoc|iPhone.Build.0 = Release|Any CPU
		{18099567-6063-4B75-9ED3-79BC4F636C44}.Ad-Hoc|iPhoneSimulator.ActiveCfg = Release|Any CPU
		{18099567-6063-4B75-9ED3-79BC4F636C44}.Ad-Hoc|iPhoneSimulator.Build.0 = Release|Any CPU
		{18099567-6063-4B75-9ED3-79BC4F636C44}.Ad-Hoc|x64.ActiveCfg = Release|Any CPU
		{18099567-6063-4B75-9ED3-79BC4F636C44}.Ad-Hoc|x64.Build.0 = Release|Any CPU
		{18099567-6063-4B75-9ED3-79BC4F636C44}.Ad-Hoc|x86.ActiveCfg = Release|Any CPU
		{18099567-6063-4B75-9ED3-79BC4F636C44}.Ad-Hoc|x86.Build.0 = Release|Any CPU
		{18099567-6063-4B75-9ED3-79BC4F636C44}.AppStore|Any CPU.ActiveCfg = Release|Any CPU
		{18099567-6063-4B75-9ED3-79BC4F636C44}.AppStore|Any CPU.Build.0 = Release|Any CPU
		{18099567-6063-4B75-9ED3-79BC4F636C44}.AppStore|ARM.ActiveCfg = Release|Any CPU
		{18099567-6063-4B75-9ED3-79BC4F636C44}.AppStore|ARM.Build.0 = Release|Any CPU
		{18099567-6063-4B75-9ED3-79BC4F636C44}.AppStore|iPhone.ActiveCfg = Release|Any CPU
		{18099567-6063-4B75-9ED3-79BC4F636C44}.AppStore|iPhone.Build.0 = Release|Any CPU
		{18099567-6063-4B75-9ED3-79BC4F636C44}.AppStore|iPhoneSimulator.ActiveCfg = Release|Any CPU
		{18099567-6063-4B75-9ED3-79BC4F636C44}.AppStore|iPhoneSimulator.Build.0 = Release|Any CPU
		{18099567-6063-4B75-9ED3-79BC4F636C44}.AppStore|x64.ActiveCfg = Release|Any CPU
		{18099567-6063-4B75-9ED3-79BC4F636C44}.AppStore|x64.Build.0 = Release|Any CPU
		{18099567-6063-4B75-9ED3-79BC4F636C44}.AppStore|x86.ActiveCfg = Release|Any CPU
		{18099567-6063-4B75-9ED3-79BC4F636C44}.AppStore|x86.Build.0 = Release|Any CPU
		{18099567-6063-4B75-9ED3-79BC4F636C44}.Debug|Any CPU.ActiveCfg = Debug|Any CPU
		{18099567-6063-4B75-9ED3-79BC4F636C44}.Debug|Any CPU.Build.0 = Debug|Any CPU
		{18099567-6063-4B75-9ED3-79BC4F636C44}.Debug|ARM.ActiveCfg = Debug|Any CPU
		{18099567-6063-4B75-9ED3-79BC4F636C44}.Debug|ARM.Build.0 = Debug|Any CPU
		{18099567-6063-4B75-9ED3-79BC4F636C44}.Debug|iPhone.ActiveCfg = Debug|Any CPU
		{18099567-6063-4B75-9ED3-79BC4F636C44}.Debug|iPhone.Build.0 = Debug|Any CPU
		{18099567-6063-4B75-9ED3-79BC4F636C44}.Debug|iPhoneSimulator.ActiveCfg = Debug|Any CPU
		{18099567-6063-4B75-9ED3-79BC4F636C44}.Debug|iPhoneSimulator.Build.0 = Debug|Any CPU
		{18099567-6063-4B75-9ED3-79BC4F636C44}.Debug|x64.ActiveCfg = Debug|Any CPU
		{18099567-6063-4B75-9ED3-79BC4F636C44}.Debug|x64.Build.0 = Debug|Any CPU
		{18099567-6063-4B75-9ED3-79BC4F636C44}.Debug|x86.ActiveCfg = Debug|Any CPU
		{18099567-6063-4B75-9ED3-79BC4F636C44}.Debug|x86.Build.0 = Debug|Any CPU
		{18099567-6063-4B75-9ED3-79BC4F636C44}.Release|Any CPU.ActiveCfg = Release|Any CPU
		{18099567-6063-4B75-9ED3-79BC4F636C44}.Release|Any CPU.Build.0 = Release|Any CPU
		{18099567-6063-4B75-9ED3-79BC4F636C44}.Release|ARM.ActiveCfg = Release|Any CPU
		{18099567-6063-4B75-9ED3-79BC4F636C44}.Release|ARM.Build.0 = Release|Any CPU
		{18099567-6063-4B75-9ED3-79BC4F636C44}.Release|iPhone.ActiveCfg = Release|Any CPU
		{18099567-6063-4B75-9ED3-79BC4F636C44}.Release|iPhone.Build.0 = Release|Any CPU
		{18099567-6063-4B75-9ED3-79BC4F636C44}.Release|iPhoneSimulator.ActiveCfg = Release|Any CPU
		{18099567-6063-4B75-9ED3-79BC4F636C44}.Release|iPhoneSimulator.Build.0 = Release|Any CPU
		{18099567-6063-4B75-9ED3-79BC4F636C44}.Release|x64.ActiveCfg = Release|Any CPU
		{18099567-6063-4B75-9ED3-79BC4F636C44}.Release|x64.Build.0 = Release|Any CPU
		{18099567-6063-4B75-9ED3-79BC4F636C44}.Release|x86.ActiveCfg = Release|Any CPU
		{18099567-6063-4B75-9ED3-79BC4F636C44}.Release|x86.Build.0 = Release|Any CPU
		{BD318F66-92EC-4B9D-9FCD-9ED3F39C35DF}.Ad-Hoc|Any CPU.ActiveCfg = Release|Any CPU
		{BD318F66-92EC-4B9D-9FCD-9ED3F39C35DF}.Ad-Hoc|Any CPU.Build.0 = Release|Any CPU
		{BD318F66-92EC-4B9D-9FCD-9ED3F39C35DF}.Ad-Hoc|Any CPU.Deploy.0 = Release|Any CPU
		{BD318F66-92EC-4B9D-9FCD-9ED3F39C35DF}.Ad-Hoc|ARM.ActiveCfg = Release|Any CPU
		{BD318F66-92EC-4B9D-9FCD-9ED3F39C35DF}.Ad-Hoc|ARM.Build.0 = Release|Any CPU
		{BD318F66-92EC-4B9D-9FCD-9ED3F39C35DF}.Ad-Hoc|ARM.Deploy.0 = Release|Any CPU
		{BD318F66-92EC-4B9D-9FCD-9ED3F39C35DF}.Ad-Hoc|iPhone.ActiveCfg = Release|Any CPU
		{BD318F66-92EC-4B9D-9FCD-9ED3F39C35DF}.Ad-Hoc|iPhone.Build.0 = Release|Any CPU
		{BD318F66-92EC-4B9D-9FCD-9ED3F39C35DF}.Ad-Hoc|iPhone.Deploy.0 = Release|Any CPU
		{BD318F66-92EC-4B9D-9FCD-9ED3F39C35DF}.Ad-Hoc|iPhoneSimulator.ActiveCfg = Release|Any CPU
		{BD318F66-92EC-4B9D-9FCD-9ED3F39C35DF}.Ad-Hoc|iPhoneSimulator.Build.0 = Release|Any CPU
		{BD318F66-92EC-4B9D-9FCD-9ED3F39C35DF}.Ad-Hoc|iPhoneSimulator.Deploy.0 = Release|Any CPU
		{BD318F66-92EC-4B9D-9FCD-9ED3F39C35DF}.Ad-Hoc|x64.ActiveCfg = Release|Any CPU
		{BD318F66-92EC-4B9D-9FCD-9ED3F39C35DF}.Ad-Hoc|x64.Build.0 = Release|Any CPU
		{BD318F66-92EC-4B9D-9FCD-9ED3F39C35DF}.Ad-Hoc|x64.Deploy.0 = Release|Any CPU
		{BD318F66-92EC-4B9D-9FCD-9ED3F39C35DF}.Ad-Hoc|x86.ActiveCfg = Release|Any CPU
		{BD318F66-92EC-4B9D-9FCD-9ED3F39C35DF}.Ad-Hoc|x86.Build.0 = Release|Any CPU
		{BD318F66-92EC-4B9D-9FCD-9ED3F39C35DF}.Ad-Hoc|x86.Deploy.0 = Release|Any CPU
		{BD318F66-92EC-4B9D-9FCD-9ED3F39C35DF}.AppStore|Any CPU.ActiveCfg = Release|Any CPU
		{BD318F66-92EC-4B9D-9FCD-9ED3F39C35DF}.AppStore|Any CPU.Build.0 = Release|Any CPU
		{BD318F66-92EC-4B9D-9FCD-9ED3F39C35DF}.AppStore|Any CPU.Deploy.0 = Release|Any CPU
		{BD318F66-92EC-4B9D-9FCD-9ED3F39C35DF}.AppStore|ARM.ActiveCfg = Release|Any CPU
		{BD318F66-92EC-4B9D-9FCD-9ED3F39C35DF}.AppStore|ARM.Build.0 = Release|Any CPU
		{BD318F66-92EC-4B9D-9FCD-9ED3F39C35DF}.AppStore|ARM.Deploy.0 = Release|Any CPU
		{BD318F66-92EC-4B9D-9FCD-9ED3F39C35DF}.AppStore|iPhone.ActiveCfg = Release|Any CPU
		{BD318F66-92EC-4B9D-9FCD-9ED3F39C35DF}.AppStore|iPhone.Build.0 = Release|Any CPU
		{BD318F66-92EC-4B9D-9FCD-9ED3F39C35DF}.AppStore|iPhone.Deploy.0 = Release|Any CPU
		{BD318F66-92EC-4B9D-9FCD-9ED3F39C35DF}.AppStore|iPhoneSimulator.ActiveCfg = Release|Any CPU
		{BD318F66-92EC-4B9D-9FCD-9ED3F39C35DF}.AppStore|iPhoneSimulator.Build.0 = Release|Any CPU
		{BD318F66-92EC-4B9D-9FCD-9ED3F39C35DF}.AppStore|iPhoneSimulator.Deploy.0 = Release|Any CPU
		{BD318F66-92EC-4B9D-9FCD-9ED3F39C35DF}.AppStore|x64.ActiveCfg = Release|Any CPU
		{BD318F66-92EC-4B9D-9FCD-9ED3F39C35DF}.AppStore|x64.Build.0 = Release|Any CPU
		{BD318F66-92EC-4B9D-9FCD-9ED3F39C35DF}.AppStore|x64.Deploy.0 = Release|Any CPU
		{BD318F66-92EC-4B9D-9FCD-9ED3F39C35DF}.AppStore|x86.ActiveCfg = Release|Any CPU
		{BD318F66-92EC-4B9D-9FCD-9ED3F39C35DF}.AppStore|x86.Build.0 = Release|Any CPU
		{BD318F66-92EC-4B9D-9FCD-9ED3F39C35DF}.AppStore|x86.Deploy.0 = Release|Any CPU
		{BD318F66-92EC-4B9D-9FCD-9ED3F39C35DF}.Debug|Any CPU.ActiveCfg = Debug|Any CPU
		{BD318F66-92EC-4B9D-9FCD-9ED3F39C35DF}.Debug|Any CPU.Build.0 = Debug|Any CPU
		{BD318F66-92EC-4B9D-9FCD-9ED3F39C35DF}.Debug|Any CPU.Deploy.0 = Debug|Any CPU
		{BD318F66-92EC-4B9D-9FCD-9ED3F39C35DF}.Debug|ARM.ActiveCfg = Debug|Any CPU
		{BD318F66-92EC-4B9D-9FCD-9ED3F39C35DF}.Debug|ARM.Build.0 = Debug|Any CPU
		{BD318F66-92EC-4B9D-9FCD-9ED3F39C35DF}.Debug|ARM.Deploy.0 = Debug|Any CPU
		{BD318F66-92EC-4B9D-9FCD-9ED3F39C35DF}.Debug|iPhone.ActiveCfg = Debug|Any CPU
		{BD318F66-92EC-4B9D-9FCD-9ED3F39C35DF}.Debug|iPhone.Build.0 = Debug|Any CPU
		{BD318F66-92EC-4B9D-9FCD-9ED3F39C35DF}.Debug|iPhone.Deploy.0 = Debug|Any CPU
		{BD318F66-92EC-4B9D-9FCD-9ED3F39C35DF}.Debug|iPhoneSimulator.ActiveCfg = Debug|Any CPU
		{BD318F66-92EC-4B9D-9FCD-9ED3F39C35DF}.Debug|iPhoneSimulator.Build.0 = Debug|Any CPU
		{BD318F66-92EC-4B9D-9FCD-9ED3F39C35DF}.Debug|iPhoneSimulator.Deploy.0 = Debug|Any CPU
		{BD318F66-92EC-4B9D-9FCD-9ED3F39C35DF}.Debug|x64.ActiveCfg = Debug|Any CPU
		{BD318F66-92EC-4B9D-9FCD-9ED3F39C35DF}.Debug|x64.Build.0 = Debug|Any CPU
		{BD318F66-92EC-4B9D-9FCD-9ED3F39C35DF}.Debug|x64.Deploy.0 = Debug|Any CPU
		{BD318F66-92EC-4B9D-9FCD-9ED3F39C35DF}.Debug|x86.ActiveCfg = Debug|Any CPU
		{BD318F66-92EC-4B9D-9FCD-9ED3F39C35DF}.Debug|x86.Build.0 = Debug|Any CPU
		{BD318F66-92EC-4B9D-9FCD-9ED3F39C35DF}.Debug|x86.Deploy.0 = Debug|Any CPU
		{BD318F66-92EC-4B9D-9FCD-9ED3F39C35DF}.Release|Any CPU.ActiveCfg = Release|Any CPU
		{BD318F66-92EC-4B9D-9FCD-9ED3F39C35DF}.Release|Any CPU.Build.0 = Release|Any CPU
		{BD318F66-92EC-4B9D-9FCD-9ED3F39C35DF}.Release|Any CPU.Deploy.0 = Release|Any CPU
		{BD318F66-92EC-4B9D-9FCD-9ED3F39C35DF}.Release|ARM.ActiveCfg = Release|Any CPU
		{BD318F66-92EC-4B9D-9FCD-9ED3F39C35DF}.Release|ARM.Build.0 = Release|Any CPU
		{BD318F66-92EC-4B9D-9FCD-9ED3F39C35DF}.Release|ARM.Deploy.0 = Release|Any CPU
		{BD318F66-92EC-4B9D-9FCD-9ED3F39C35DF}.Release|iPhone.ActiveCfg = Release|Any CPU
		{BD318F66-92EC-4B9D-9FCD-9ED3F39C35DF}.Release|iPhone.Build.0 = Release|Any CPU
		{BD318F66-92EC-4B9D-9FCD-9ED3F39C35DF}.Release|iPhone.Deploy.0 = Release|Any CPU
		{BD318F66-92EC-4B9D-9FCD-9ED3F39C35DF}.Release|iPhoneSimulator.ActiveCfg = Release|Any CPU
		{BD318F66-92EC-4B9D-9FCD-9ED3F39C35DF}.Release|iPhoneSimulator.Build.0 = Release|Any CPU
		{BD318F66-92EC-4B9D-9FCD-9ED3F39C35DF}.Release|iPhoneSimulator.Deploy.0 = Release|Any CPU
		{BD318F66-92EC-4B9D-9FCD-9ED3F39C35DF}.Release|x64.ActiveCfg = Release|Any CPU
		{BD318F66-92EC-4B9D-9FCD-9ED3F39C35DF}.Release|x64.Build.0 = Release|Any CPU
		{BD318F66-92EC-4B9D-9FCD-9ED3F39C35DF}.Release|x64.Deploy.0 = Release|Any CPU
		{BD318F66-92EC-4B9D-9FCD-9ED3F39C35DF}.Release|x86.ActiveCfg = Release|Any CPU
		{BD318F66-92EC-4B9D-9FCD-9ED3F39C35DF}.Release|x86.Build.0 = Release|Any CPU
		{BD318F66-92EC-4B9D-9FCD-9ED3F39C35DF}.Release|x86.Deploy.0 = Release|Any CPU
		{687650B6-41DA-4C8C-A2B1-1CA10BF96717}.Ad-Hoc|Any CPU.ActiveCfg = Ad-Hoc|iPhone
		{687650B6-41DA-4C8C-A2B1-1CA10BF96717}.Ad-Hoc|ARM.ActiveCfg = Ad-Hoc|iPhone
		{687650B6-41DA-4C8C-A2B1-1CA10BF96717}.Ad-Hoc|iPhone.ActiveCfg = Ad-Hoc|iPhone
		{687650B6-41DA-4C8C-A2B1-1CA10BF96717}.Ad-Hoc|iPhone.Build.0 = Ad-Hoc|iPhone
		{687650B6-41DA-4C8C-A2B1-1CA10BF96717}.Ad-Hoc|iPhoneSimulator.ActiveCfg = Ad-Hoc|iPhoneSimulator
		{687650B6-41DA-4C8C-A2B1-1CA10BF96717}.Ad-Hoc|iPhoneSimulator.Build.0 = Ad-Hoc|iPhoneSimulator
		{687650B6-41DA-4C8C-A2B1-1CA10BF96717}.Ad-Hoc|x64.ActiveCfg = Ad-Hoc|iPhone
		{687650B6-41DA-4C8C-A2B1-1CA10BF96717}.Ad-Hoc|x86.ActiveCfg = Ad-Hoc|iPhone
		{687650B6-41DA-4C8C-A2B1-1CA10BF96717}.AppStore|Any CPU.ActiveCfg = AppStore|iPhone
		{687650B6-41DA-4C8C-A2B1-1CA10BF96717}.AppStore|ARM.ActiveCfg = AppStore|iPhone
		{687650B6-41DA-4C8C-A2B1-1CA10BF96717}.AppStore|iPhone.ActiveCfg = AppStore|iPhone
		{687650B6-41DA-4C8C-A2B1-1CA10BF96717}.AppStore|iPhone.Build.0 = AppStore|iPhone
		{687650B6-41DA-4C8C-A2B1-1CA10BF96717}.AppStore|iPhoneSimulator.ActiveCfg = AppStore|iPhoneSimulator
		{687650B6-41DA-4C8C-A2B1-1CA10BF96717}.AppStore|iPhoneSimulator.Build.0 = AppStore|iPhoneSimulator
		{687650B6-41DA-4C8C-A2B1-1CA10BF96717}.AppStore|x64.ActiveCfg = AppStore|iPhone
		{687650B6-41DA-4C8C-A2B1-1CA10BF96717}.AppStore|x86.ActiveCfg = AppStore|iPhone
		{687650B6-41DA-4C8C-A2B1-1CA10BF96717}.Debug|Any CPU.ActiveCfg = Debug|iPhone
		{687650B6-41DA-4C8C-A2B1-1CA10BF96717}.Debug|ARM.ActiveCfg = Debug|iPhone
		{687650B6-41DA-4C8C-A2B1-1CA10BF96717}.Debug|iPhone.ActiveCfg = Debug|iPhone
		{687650B6-41DA-4C8C-A2B1-1CA10BF96717}.Debug|iPhone.Build.0 = Debug|iPhone
		{687650B6-41DA-4C8C-A2B1-1CA10BF96717}.Debug|iPhoneSimulator.ActiveCfg = Debug|iPhoneSimulator
		{687650B6-41DA-4C8C-A2B1-1CA10BF96717}.Debug|iPhoneSimulator.Build.0 = Debug|iPhoneSimulator
		{687650B6-41DA-4C8C-A2B1-1CA10BF96717}.Debug|x64.ActiveCfg = Debug|iPhone
		{687650B6-41DA-4C8C-A2B1-1CA10BF96717}.Debug|x86.ActiveCfg = Debug|iPhone
		{687650B6-41DA-4C8C-A2B1-1CA10BF96717}.Release|Any CPU.ActiveCfg = Release|iPhone
		{687650B6-41DA-4C8C-A2B1-1CA10BF96717}.Release|ARM.ActiveCfg = Release|iPhone
		{687650B6-41DA-4C8C-A2B1-1CA10BF96717}.Release|iPhone.ActiveCfg = Release|iPhone
		{687650B6-41DA-4C8C-A2B1-1CA10BF96717}.Release|iPhone.Build.0 = Release|iPhone
		{687650B6-41DA-4C8C-A2B1-1CA10BF96717}.Release|iPhoneSimulator.ActiveCfg = Release|iPhoneSimulator
		{687650B6-41DA-4C8C-A2B1-1CA10BF96717}.Release|iPhoneSimulator.Build.0 = Release|iPhoneSimulator
		{687650B6-41DA-4C8C-A2B1-1CA10BF96717}.Release|x64.ActiveCfg = Release|iPhone
		{687650B6-41DA-4C8C-A2B1-1CA10BF96717}.Release|x86.ActiveCfg = Release|iPhone
		{C0937333-C4C2-4AEC-838D-D7071DFDA6A1}.Ad-Hoc|Any CPU.ActiveCfg = Release|Any CPU
		{C0937333-C4C2-4AEC-838D-D7071DFDA6A1}.Ad-Hoc|Any CPU.Build.0 = Release|Any CPU
		{C0937333-C4C2-4AEC-838D-D7071DFDA6A1}.Ad-Hoc|Any CPU.Deploy.0 = Release|Any CPU
		{C0937333-C4C2-4AEC-838D-D7071DFDA6A1}.Ad-Hoc|ARM.ActiveCfg = Release|ARM
		{C0937333-C4C2-4AEC-838D-D7071DFDA6A1}.Ad-Hoc|ARM.Build.0 = Release|ARM
		{C0937333-C4C2-4AEC-838D-D7071DFDA6A1}.Ad-Hoc|ARM.Deploy.0 = Release|ARM
		{C0937333-C4C2-4AEC-838D-D7071DFDA6A1}.Ad-Hoc|iPhone.ActiveCfg = Release|Any CPU
		{C0937333-C4C2-4AEC-838D-D7071DFDA6A1}.Ad-Hoc|iPhone.Build.0 = Release|Any CPU
		{C0937333-C4C2-4AEC-838D-D7071DFDA6A1}.Ad-Hoc|iPhone.Deploy.0 = Release|Any CPU
		{C0937333-C4C2-4AEC-838D-D7071DFDA6A1}.Ad-Hoc|iPhoneSimulator.ActiveCfg = Release|Any CPU
		{C0937333-C4C2-4AEC-838D-D7071DFDA6A1}.Ad-Hoc|iPhoneSimulator.Build.0 = Release|Any CPU
		{C0937333-C4C2-4AEC-838D-D7071DFDA6A1}.Ad-Hoc|iPhoneSimulator.Deploy.0 = Release|Any CPU
		{C0937333-C4C2-4AEC-838D-D7071DFDA6A1}.Ad-Hoc|x64.ActiveCfg = Release|Any CPU
		{C0937333-C4C2-4AEC-838D-D7071DFDA6A1}.Ad-Hoc|x64.Build.0 = Release|Any CPU
		{C0937333-C4C2-4AEC-838D-D7071DFDA6A1}.Ad-Hoc|x64.Deploy.0 = Release|Any CPU
		{C0937333-C4C2-4AEC-838D-D7071DFDA6A1}.Ad-Hoc|x86.ActiveCfg = Release|x86
		{C0937333-C4C2-4AEC-838D-D7071DFDA6A1}.Ad-Hoc|x86.Build.0 = Release|x86
		{C0937333-C4C2-4AEC-838D-D7071DFDA6A1}.Ad-Hoc|x86.Deploy.0 = Release|x86
		{C0937333-C4C2-4AEC-838D-D7071DFDA6A1}.AppStore|Any CPU.ActiveCfg = Release|Any CPU
		{C0937333-C4C2-4AEC-838D-D7071DFDA6A1}.AppStore|Any CPU.Build.0 = Release|Any CPU
		{C0937333-C4C2-4AEC-838D-D7071DFDA6A1}.AppStore|Any CPU.Deploy.0 = Release|Any CPU
		{C0937333-C4C2-4AEC-838D-D7071DFDA6A1}.AppStore|ARM.ActiveCfg = Release|ARM
		{C0937333-C4C2-4AEC-838D-D7071DFDA6A1}.AppStore|ARM.Build.0 = Release|ARM
		{C0937333-C4C2-4AEC-838D-D7071DFDA6A1}.AppStore|ARM.Deploy.0 = Release|ARM
		{C0937333-C4C2-4AEC-838D-D7071DFDA6A1}.AppStore|iPhone.ActiveCfg = Release|Any CPU
		{C0937333-C4C2-4AEC-838D-D7071DFDA6A1}.AppStore|iPhone.Build.0 = Release|Any CPU
		{C0937333-C4C2-4AEC-838D-D7071DFDA6A1}.AppStore|iPhone.Deploy.0 = Release|Any CPU
		{C0937333-C4C2-4AEC-838D-D7071DFDA6A1}.AppStore|iPhoneSimulator.ActiveCfg = Release|Any CPU
		{C0937333-C4C2-4AEC-838D-D7071DFDA6A1}.AppStore|iPhoneSimulator.Build.0 = Release|Any CPU
		{C0937333-C4C2-4AEC-838D-D7071DFDA6A1}.AppStore|iPhoneSimulator.Deploy.0 = Release|Any CPU
		{C0937333-C4C2-4AEC-838D-D7071DFDA6A1}.AppStore|x64.ActiveCfg = Release|Any CPU
		{C0937333-C4C2-4AEC-838D-D7071DFDA6A1}.AppStore|x64.Build.0 = Release|Any CPU
		{C0937333-C4C2-4AEC-838D-D7071DFDA6A1}.AppStore|x64.Deploy.0 = Release|Any CPU
		{C0937333-C4C2-4AEC-838D-D7071DFDA6A1}.AppStore|x86.ActiveCfg = Release|x86
		{C0937333-C4C2-4AEC-838D-D7071DFDA6A1}.AppStore|x86.Build.0 = Release|x86
		{C0937333-C4C2-4AEC-838D-D7071DFDA6A1}.AppStore|x86.Deploy.0 = Release|x86
		{C0937333-C4C2-4AEC-838D-D7071DFDA6A1}.Debug|Any CPU.ActiveCfg = Debug|Any CPU
		{C0937333-C4C2-4AEC-838D-D7071DFDA6A1}.Debug|Any CPU.Build.0 = Debug|Any CPU
		{C0937333-C4C2-4AEC-838D-D7071DFDA6A1}.Debug|Any CPU.Deploy.0 = Debug|Any CPU
		{C0937333-C4C2-4AEC-838D-D7071DFDA6A1}.Debug|ARM.ActiveCfg = Debug|ARM
		{C0937333-C4C2-4AEC-838D-D7071DFDA6A1}.Debug|ARM.Build.0 = Debug|ARM
		{C0937333-C4C2-4AEC-838D-D7071DFDA6A1}.Debug|ARM.Deploy.0 = Debug|ARM
		{C0937333-C4C2-4AEC-838D-D7071DFDA6A1}.Debug|iPhone.ActiveCfg = Debug|Any CPU
		{C0937333-C4C2-4AEC-838D-D7071DFDA6A1}.Debug|iPhone.Build.0 = Debug|Any CPU
		{C0937333-C4C2-4AEC-838D-D7071DFDA6A1}.Debug|iPhone.Deploy.0 = Debug|Any CPU
		{C0937333-C4C2-4AEC-838D-D7071DFDA6A1}.Debug|iPhoneSimulator.ActiveCfg = Debug|Any CPU
		{C0937333-C4C2-4AEC-838D-D7071DFDA6A1}.Debug|iPhoneSimulator.Build.0 = Debug|Any CPU
		{C0937333-C4C2-4AEC-838D-D7071DFDA6A1}.Debug|iPhoneSimulator.Deploy.0 = Debug|Any CPU
		{C0937333-C4C2-4AEC-838D-D7071DFDA6A1}.Debug|x64.ActiveCfg = Debug|Any CPU
		{C0937333-C4C2-4AEC-838D-D7071DFDA6A1}.Debug|x64.Build.0 = Debug|Any CPU
		{C0937333-C4C2-4AEC-838D-D7071DFDA6A1}.Debug|x64.Deploy.0 = Debug|Any CPU
		{C0937333-C4C2-4AEC-838D-D7071DFDA6A1}.Debug|x86.ActiveCfg = Debug|x86
		{C0937333-C4C2-4AEC-838D-D7071DFDA6A1}.Debug|x86.Build.0 = Debug|x86
		{C0937333-C4C2-4AEC-838D-D7071DFDA6A1}.Debug|x86.Deploy.0 = Debug|x86
		{C0937333-C4C2-4AEC-838D-D7071DFDA6A1}.Release|Any CPU.ActiveCfg = Release|Any CPU
		{C0937333-C4C2-4AEC-838D-D7071DFDA6A1}.Release|Any CPU.Build.0 = Release|Any CPU
		{C0937333-C4C2-4AEC-838D-D7071DFDA6A1}.Release|Any CPU.Deploy.0 = Release|Any CPU
		{C0937333-C4C2-4AEC-838D-D7071DFDA6A1}.Release|ARM.ActiveCfg = Release|ARM
		{C0937333-C4C2-4AEC-838D-D7071DFDA6A1}.Release|ARM.Build.0 = Release|ARM
		{C0937333-C4C2-4AEC-838D-D7071DFDA6A1}.Release|ARM.Deploy.0 = Release|ARM
		{C0937333-C4C2-4AEC-838D-D7071DFDA6A1}.Release|iPhone.ActiveCfg = Release|Any CPU
		{C0937333-C4C2-4AEC-838D-D7071DFDA6A1}.Release|iPhone.Build.0 = Release|Any CPU
		{C0937333-C4C2-4AEC-838D-D7071DFDA6A1}.Release|iPhone.Deploy.0 = Release|Any CPU
		{C0937333-C4C2-4AEC-838D-D7071DFDA6A1}.Release|iPhoneSimulator.ActiveCfg = Release|Any CPU
		{C0937333-C4C2-4AEC-838D-D7071DFDA6A1}.Release|iPhoneSimulator.Build.0 = Release|Any CPU
		{C0937333-C4C2-4AEC-838D-D7071DFDA6A1}.Release|iPhoneSimulator.Deploy.0 = Release|Any CPU
		{C0937333-C4C2-4AEC-838D-D7071DFDA6A1}.Release|x64.ActiveCfg = Release|Any CPU
		{C0937333-C4C2-4AEC-838D-D7071DFDA6A1}.Release|x64.Build.0 = Release|Any CPU
		{C0937333-C4C2-4AEC-838D-D7071DFDA6A1}.Release|x64.Deploy.0 = Release|Any CPU
		{C0937333-C4C2-4AEC-838D-D7071DFDA6A1}.Release|x86.ActiveCfg = Release|x86
		{C0937333-C4C2-4AEC-838D-D7071DFDA6A1}.Release|x86.Build.0 = Release|x86
		{C0937333-C4C2-4AEC-838D-D7071DFDA6A1}.Release|x86.Deploy.0 = Release|x86
		{909D7528-4AC1-41CF-9FF4-3BE08C0556BF}.Ad-Hoc|Any CPU.ActiveCfg = Release|x86
		{909D7528-4AC1-41CF-9FF4-3BE08C0556BF}.Ad-Hoc|Any CPU.Build.0 = Release|x86
		{909D7528-4AC1-41CF-9FF4-3BE08C0556BF}.Ad-Hoc|Any CPU.Deploy.0 = Release|x86
		{909D7528-4AC1-41CF-9FF4-3BE08C0556BF}.Ad-Hoc|ARM.ActiveCfg = Release|ARM
		{909D7528-4AC1-41CF-9FF4-3BE08C0556BF}.Ad-Hoc|ARM.Build.0 = Release|ARM
		{909D7528-4AC1-41CF-9FF4-3BE08C0556BF}.Ad-Hoc|ARM.Deploy.0 = Release|ARM
		{909D7528-4AC1-41CF-9FF4-3BE08C0556BF}.Ad-Hoc|iPhone.ActiveCfg = Release|x86
		{909D7528-4AC1-41CF-9FF4-3BE08C0556BF}.Ad-Hoc|iPhone.Build.0 = Release|x86
		{909D7528-4AC1-41CF-9FF4-3BE08C0556BF}.Ad-Hoc|iPhone.Deploy.0 = Release|x86
		{909D7528-4AC1-41CF-9FF4-3BE08C0556BF}.Ad-Hoc|iPhoneSimulator.ActiveCfg = Release|x86
		{909D7528-4AC1-41CF-9FF4-3BE08C0556BF}.Ad-Hoc|iPhoneSimulator.Build.0 = Release|x86
		{909D7528-4AC1-41CF-9FF4-3BE08C0556BF}.Ad-Hoc|iPhoneSimulator.Deploy.0 = Release|x86
		{909D7528-4AC1-41CF-9FF4-3BE08C0556BF}.Ad-Hoc|x64.ActiveCfg = Release|x64
		{909D7528-4AC1-41CF-9FF4-3BE08C0556BF}.Ad-Hoc|x64.Build.0 = Release|x64
		{909D7528-4AC1-41CF-9FF4-3BE08C0556BF}.Ad-Hoc|x64.Deploy.0 = Release|x64
		{909D7528-4AC1-41CF-9FF4-3BE08C0556BF}.Ad-Hoc|x86.ActiveCfg = Release|x86
		{909D7528-4AC1-41CF-9FF4-3BE08C0556BF}.Ad-Hoc|x86.Build.0 = Release|x86
		{909D7528-4AC1-41CF-9FF4-3BE08C0556BF}.Ad-Hoc|x86.Deploy.0 = Release|x86
		{909D7528-4AC1-41CF-9FF4-3BE08C0556BF}.AppStore|Any CPU.ActiveCfg = Release|x86
		{909D7528-4AC1-41CF-9FF4-3BE08C0556BF}.AppStore|Any CPU.Build.0 = Release|x86
		{909D7528-4AC1-41CF-9FF4-3BE08C0556BF}.AppStore|Any CPU.Deploy.0 = Release|x86
		{909D7528-4AC1-41CF-9FF4-3BE08C0556BF}.AppStore|ARM.ActiveCfg = Release|ARM
		{909D7528-4AC1-41CF-9FF4-3BE08C0556BF}.AppStore|ARM.Build.0 = Release|ARM
		{909D7528-4AC1-41CF-9FF4-3BE08C0556BF}.AppStore|ARM.Deploy.0 = Release|ARM
		{909D7528-4AC1-41CF-9FF4-3BE08C0556BF}.AppStore|iPhone.ActiveCfg = Release|x86
		{909D7528-4AC1-41CF-9FF4-3BE08C0556BF}.AppStore|iPhone.Build.0 = Release|x86
		{909D7528-4AC1-41CF-9FF4-3BE08C0556BF}.AppStore|iPhone.Deploy.0 = Release|x86
		{909D7528-4AC1-41CF-9FF4-3BE08C0556BF}.AppStore|iPhoneSimulator.ActiveCfg = Release|x86
		{909D7528-4AC1-41CF-9FF4-3BE08C0556BF}.AppStore|iPhoneSimulator.Build.0 = Release|x86
		{909D7528-4AC1-41CF-9FF4-3BE08C0556BF}.AppStore|iPhoneSimulator.Deploy.0 = Release|x86
		{909D7528-4AC1-41CF-9FF4-3BE08C0556BF}.AppStore|x64.ActiveCfg = Release|x64
		{909D7528-4AC1-41CF-9FF4-3BE08C0556BF}.AppStore|x64.Build.0 = Release|x64
		{909D7528-4AC1-41CF-9FF4-3BE08C0556BF}.AppStore|x64.Deploy.0 = Release|x64
		{909D7528-4AC1-41CF-9FF4-3BE08C0556BF}.AppStore|x86.ActiveCfg = Release|x86
		{909D7528-4AC1-41CF-9FF4-3BE08C0556BF}.AppStore|x86.Build.0 = Release|x86
		{909D7528-4AC1-41CF-9FF4-3BE08C0556BF}.AppStore|x86.Deploy.0 = Release|x86
		{909D7528-4AC1-41CF-9FF4-3BE08C0556BF}.Debug|Any CPU.ActiveCfg = Debug|x86
		{909D7528-4AC1-41CF-9FF4-3BE08C0556BF}.Debug|Any CPU.Build.0 = Debug|x86
		{909D7528-4AC1-41CF-9FF4-3BE08C0556BF}.Debug|Any CPU.Deploy.0 = Debug|x86
		{909D7528-4AC1-41CF-9FF4-3BE08C0556BF}.Debug|ARM.ActiveCfg = Debug|ARM
		{909D7528-4AC1-41CF-9FF4-3BE08C0556BF}.Debug|ARM.Build.0 = Debug|ARM
		{909D7528-4AC1-41CF-9FF4-3BE08C0556BF}.Debug|ARM.Deploy.0 = Debug|ARM
		{909D7528-4AC1-41CF-9FF4-3BE08C0556BF}.Debug|iPhone.ActiveCfg = Debug|x86
		{909D7528-4AC1-41CF-9FF4-3BE08C0556BF}.Debug|iPhoneSimulator.ActiveCfg = Debug|x86
		{909D7528-4AC1-41CF-9FF4-3BE08C0556BF}.Debug|x64.ActiveCfg = Debug|x64
		{909D7528-4AC1-41CF-9FF4-3BE08C0556BF}.Debug|x64.Build.0 = Debug|x64
		{909D7528-4AC1-41CF-9FF4-3BE08C0556BF}.Debug|x64.Deploy.0 = Debug|x64
		{909D7528-4AC1-41CF-9FF4-3BE08C0556BF}.Debug|x86.ActiveCfg = Debug|x86
		{909D7528-4AC1-41CF-9FF4-3BE08C0556BF}.Debug|x86.Build.0 = Debug|x86
		{909D7528-4AC1-41CF-9FF4-3BE08C0556BF}.Debug|x86.Deploy.0 = Debug|x86
		{909D7528-4AC1-41CF-9FF4-3BE08C0556BF}.Release|Any CPU.ActiveCfg = Release|x86
		{909D7528-4AC1-41CF-9FF4-3BE08C0556BF}.Release|ARM.ActiveCfg = Release|ARM
		{909D7528-4AC1-41CF-9FF4-3BE08C0556BF}.Release|ARM.Build.0 = Release|ARM
		{909D7528-4AC1-41CF-9FF4-3BE08C0556BF}.Release|ARM.Deploy.0 = Release|ARM
		{909D7528-4AC1-41CF-9FF4-3BE08C0556BF}.Release|iPhone.ActiveCfg = Release|x86
		{909D7528-4AC1-41CF-9FF4-3BE08C0556BF}.Release|iPhoneSimulator.ActiveCfg = Release|x86
		{909D7528-4AC1-41CF-9FF4-3BE08C0556BF}.Release|x64.ActiveCfg = Release|x64
		{909D7528-4AC1-41CF-9FF4-3BE08C0556BF}.Release|x64.Build.0 = Release|x64
		{909D7528-4AC1-41CF-9FF4-3BE08C0556BF}.Release|x64.Deploy.0 = Release|x64
		{909D7528-4AC1-41CF-9FF4-3BE08C0556BF}.Release|x86.ActiveCfg = Release|x86
		{909D7528-4AC1-41CF-9FF4-3BE08C0556BF}.Release|x86.Build.0 = Release|x86
		{909D7528-4AC1-41CF-9FF4-3BE08C0556BF}.Release|x86.Deploy.0 = Release|x86
		{427E1741-8FED-430D-88B1-D2FF1682EB16}.Ad-Hoc|Any CPU.ActiveCfg = Release|Any CPU
		{427E1741-8FED-430D-88B1-D2FF1682EB16}.Ad-Hoc|Any CPU.Build.0 = Release|Any CPU
		{427E1741-8FED-430D-88B1-D2FF1682EB16}.Ad-Hoc|Any CPU.Deploy.0 = Release|Any CPU
		{427E1741-8FED-430D-88B1-D2FF1682EB16}.Ad-Hoc|ARM.ActiveCfg = Release|ARM
		{427E1741-8FED-430D-88B1-D2FF1682EB16}.Ad-Hoc|ARM.Build.0 = Release|ARM
		{427E1741-8FED-430D-88B1-D2FF1682EB16}.Ad-Hoc|ARM.Deploy.0 = Release|ARM
		{427E1741-8FED-430D-88B1-D2FF1682EB16}.Ad-Hoc|iPhone.ActiveCfg = Release|Any CPU
		{427E1741-8FED-430D-88B1-D2FF1682EB16}.Ad-Hoc|iPhone.Build.0 = Release|Any CPU
		{427E1741-8FED-430D-88B1-D2FF1682EB16}.Ad-Hoc|iPhone.Deploy.0 = Release|Any CPU
		{427E1741-8FED-430D-88B1-D2FF1682EB16}.Ad-Hoc|iPhoneSimulator.ActiveCfg = Release|Any CPU
		{427E1741-8FED-430D-88B1-D2FF1682EB16}.Ad-Hoc|iPhoneSimulator.Build.0 = Release|Any CPU
		{427E1741-8FED-430D-88B1-D2FF1682EB16}.Ad-Hoc|iPhoneSimulator.Deploy.0 = Release|Any CPU
		{427E1741-8FED-430D-88B1-D2FF1682EB16}.Ad-Hoc|x64.ActiveCfg = Release|x64
		{427E1741-8FED-430D-88B1-D2FF1682EB16}.Ad-Hoc|x64.Build.0 = Release|x64
		{427E1741-8FED-430D-88B1-D2FF1682EB16}.Ad-Hoc|x64.Deploy.0 = Release|x64
		{427E1741-8FED-430D-88B1-D2FF1682EB16}.Ad-Hoc|x86.ActiveCfg = Release|x86
		{427E1741-8FED-430D-88B1-D2FF1682EB16}.Ad-Hoc|x86.Build.0 = Release|x86
		{427E1741-8FED-430D-88B1-D2FF1682EB16}.Ad-Hoc|x86.Deploy.0 = Release|x86
		{427E1741-8FED-430D-88B1-D2FF1682EB16}.AppStore|Any CPU.ActiveCfg = Release|Any CPU
		{427E1741-8FED-430D-88B1-D2FF1682EB16}.AppStore|Any CPU.Build.0 = Release|Any CPU
		{427E1741-8FED-430D-88B1-D2FF1682EB16}.AppStore|Any CPU.Deploy.0 = Release|Any CPU
		{427E1741-8FED-430D-88B1-D2FF1682EB16}.AppStore|ARM.ActiveCfg = Release|ARM
		{427E1741-8FED-430D-88B1-D2FF1682EB16}.AppStore|ARM.Build.0 = Release|ARM
		{427E1741-8FED-430D-88B1-D2FF1682EB16}.AppStore|ARM.Deploy.0 = Release|ARM
		{427E1741-8FED-430D-88B1-D2FF1682EB16}.AppStore|iPhone.ActiveCfg = Release|Any CPU
		{427E1741-8FED-430D-88B1-D2FF1682EB16}.AppStore|iPhone.Build.0 = Release|Any CPU
		{427E1741-8FED-430D-88B1-D2FF1682EB16}.AppStore|iPhone.Deploy.0 = Release|Any CPU
		{427E1741-8FED-430D-88B1-D2FF1682EB16}.AppStore|iPhoneSimulator.ActiveCfg = Release|Any CPU
		{427E1741-8FED-430D-88B1-D2FF1682EB16}.AppStore|iPhoneSimulator.Build.0 = Release|Any CPU
		{427E1741-8FED-430D-88B1-D2FF1682EB16}.AppStore|iPhoneSimulator.Deploy.0 = Release|Any CPU
		{427E1741-8FED-430D-88B1-D2FF1682EB16}.AppStore|x64.ActiveCfg = Release|x64
		{427E1741-8FED-430D-88B1-D2FF1682EB16}.AppStore|x64.Build.0 = Release|x64
		{427E1741-8FED-430D-88B1-D2FF1682EB16}.AppStore|x64.Deploy.0 = Release|x64
		{427E1741-8FED-430D-88B1-D2FF1682EB16}.AppStore|x86.ActiveCfg = Release|x86
		{427E1741-8FED-430D-88B1-D2FF1682EB16}.AppStore|x86.Build.0 = Release|x86
		{427E1741-8FED-430D-88B1-D2FF1682EB16}.AppStore|x86.Deploy.0 = Release|x86
		{427E1741-8FED-430D-88B1-D2FF1682EB16}.Debug|Any CPU.ActiveCfg = Debug|Any CPU
		{427E1741-8FED-430D-88B1-D2FF1682EB16}.Debug|Any CPU.Build.0 = Debug|Any CPU
		{427E1741-8FED-430D-88B1-D2FF1682EB16}.Debug|Any CPU.Deploy.0 = Debug|Any CPU
		{427E1741-8FED-430D-88B1-D2FF1682EB16}.Debug|ARM.ActiveCfg = Debug|ARM
		{427E1741-8FED-430D-88B1-D2FF1682EB16}.Debug|ARM.Build.0 = Debug|ARM
		{427E1741-8FED-430D-88B1-D2FF1682EB16}.Debug|ARM.Deploy.0 = Debug|ARM
		{427E1741-8FED-430D-88B1-D2FF1682EB16}.Debug|iPhone.ActiveCfg = Debug|Any CPU
		{427E1741-8FED-430D-88B1-D2FF1682EB16}.Debug|iPhone.Build.0 = Debug|Any CPU
		{427E1741-8FED-430D-88B1-D2FF1682EB16}.Debug|iPhone.Deploy.0 = Debug|Any CPU
		{427E1741-8FED-430D-88B1-D2FF1682EB16}.Debug|iPhoneSimulator.ActiveCfg = Debug|Any CPU
		{427E1741-8FED-430D-88B1-D2FF1682EB16}.Debug|iPhoneSimulator.Build.0 = Debug|Any CPU
		{427E1741-8FED-430D-88B1-D2FF1682EB16}.Debug|iPhoneSimulator.Deploy.0 = Debug|Any CPU
		{427E1741-8FED-430D-88B1-D2FF1682EB16}.Debug|x64.ActiveCfg = Debug|x64
		{427E1741-8FED-430D-88B1-D2FF1682EB16}.Debug|x64.Build.0 = Debug|x64
		{427E1741-8FED-430D-88B1-D2FF1682EB16}.Debug|x64.Deploy.0 = Debug|x64
		{427E1741-8FED-430D-88B1-D2FF1682EB16}.Debug|x86.ActiveCfg = Debug|x86
		{427E1741-8FED-430D-88B1-D2FF1682EB16}.Debug|x86.Build.0 = Debug|x86
		{427E1741-8FED-430D-88B1-D2FF1682EB16}.Debug|x86.Deploy.0 = Debug|x86
		{427E1741-8FED-430D-88B1-D2FF1682EB16}.Release|Any CPU.ActiveCfg = Release|Any CPU
		{427E1741-8FED-430D-88B1-D2FF1682EB16}.Release|Any CPU.Build.0 = Release|Any CPU
		{427E1741-8FED-430D-88B1-D2FF1682EB16}.Release|Any CPU.Deploy.0 = Release|Any CPU
		{427E1741-8FED-430D-88B1-D2FF1682EB16}.Release|ARM.ActiveCfg = Release|ARM
		{427E1741-8FED-430D-88B1-D2FF1682EB16}.Release|ARM.Build.0 = Release|ARM
		{427E1741-8FED-430D-88B1-D2FF1682EB16}.Release|ARM.Deploy.0 = Release|ARM
		{427E1741-8FED-430D-88B1-D2FF1682EB16}.Release|iPhone.ActiveCfg = Release|Any CPU
		{427E1741-8FED-430D-88B1-D2FF1682EB16}.Release|iPhone.Build.0 = Release|Any CPU
		{427E1741-8FED-430D-88B1-D2FF1682EB16}.Release|iPhone.Deploy.0 = Release|Any CPU
		{427E1741-8FED-430D-88B1-D2FF1682EB16}.Release|iPhoneSimulator.ActiveCfg = Release|Any CPU
		{427E1741-8FED-430D-88B1-D2FF1682EB16}.Release|iPhoneSimulator.Build.0 = Release|Any CPU
		{427E1741-8FED-430D-88B1-D2FF1682EB16}.Release|iPhoneSimulator.Deploy.0 = Release|Any CPU
		{427E1741-8FED-430D-88B1-D2FF1682EB16}.Release|x64.ActiveCfg = Release|x64
		{427E1741-8FED-430D-88B1-D2FF1682EB16}.Release|x64.Build.0 = Release|x64
		{427E1741-8FED-430D-88B1-D2FF1682EB16}.Release|x64.Deploy.0 = Release|x64
		{427E1741-8FED-430D-88B1-D2FF1682EB16}.Release|x86.ActiveCfg = Release|x86
		{427E1741-8FED-430D-88B1-D2FF1682EB16}.Release|x86.Build.0 = Release|x86
		{427E1741-8FED-430D-88B1-D2FF1682EB16}.Release|x86.Deploy.0 = Release|x86
	EndGlobalSection
	GlobalSection(SolutionProperties) = preSolution
		HideSolutionNode = FALSE
	EndGlobalSection
EndGlobal
